
Microsoft Visual Studio Solution File, Format Version 12.00
# Visual Studio Version 16
VisualStudioVersion = 16.0.29424.173
MinimumVisualStudioVersion = 10.0.40219.1
Project("{9A19103F-16F7-4668-BE54-9A1E7A4F7556}") = "POC.CCS", "POC.CCS\POC.CCS.csproj", "{B8B2C23C-6C70-4E81-B36C-EB3C03F1264F}"
EndProject
Project("{9A19103F-16F7-4668-BE54-9A1E7A4F7556}") = "POC.CCS.Test", "POC.CCS.Test\POC.CCS.Test.csproj", "{BD84BCC5-2405-4976-9C7A-AE0B4A7ABD8C}"
EndProject
Global
	GlobalSection(SolutionConfigurationPlatforms) = preSolution
		Debug|Any CPU = Debug|Any CPU
		Release|Any CPU = Release|Any CPU
	EndGlobalSection
	GlobalSection(ProjectConfigurationPlatforms) = postSolution
		{B8B2C23C-6C70-4E81-B36C-EB3C03F1264F}.Debug|Any CPU.ActiveCfg = Debug|Any CPU
		{B8B2C23C-6C70-4E81-B36C-EB3C03F1264F}.Debug|Any CPU.Build.0 = Debug|Any CPU
		{B8B2C23C-6C70-4E81-B36C-EB3C03F1264F}.Release|Any CPU.ActiveCfg = Release|Any CPU
		{B8B2C23C-6C70-4E81-B36C-EB3C03F1264F}.Release|Any CPU.Build.0 = Release|Any CPU
		{BD84BCC5-2405-4976-9C7A-AE0B4A7ABD8C}.Debug|Any CPU.ActiveCfg = Debug|Any CPU
		{BD84BCC5-2405-4976-9C7A-AE0B4A7ABD8C}.Debug|Any CPU.Build.0 = Debug|Any CPU
		{BD84BCC5-2405-4976-9C7A-AE0B4A7ABD8C}.Release|Any CPU.ActiveCfg = Release|Any CPU
		{BD84BCC5-2405-4976-9C7A-AE0B4A7ABD8C}.Release|Any CPU.Build.0 = Release|Any CPU
	EndGlobalSection
	GlobalSection(SolutionProperties) = preSolution
		HideSolutionNode = FALSE
	EndGlobalSection
	GlobalSection(ExtensibilityGlobals) = postSolution
		SolutionGuid = {493535CE-0645-46A0-98D4-52578ADB9710}
	EndGlobalSection
EndGlobal
